// !$*UTF8*$!
{
	archiveVersion = 1;
	classes = {
	};
	objectVersion = 77;
	objects = {

/* Begin PBXFileReference section */
               2304F2CF2F245643007A3A3B /* ContentView.swift */ = {isa = PBXFileReference; lastKnownFileType = sourcecode.swift; path = ContentView.swift; sourceTree = "<group>"; };
               2304F2D02F245643007A3A3B /* Models.swift */ = {isa = PBXFileReference; lastKnownFileType = sourcecode.swift; path = Models.swift; sourceTree = "<group>"; };
               2304F2D12F245643007A3A3B /* Room_ScannerApp.swift */ = {isa = PBXFileReference; lastKnownFileType = sourcecode.swift; path = Room_ScannerApp.swift; sourceTree = "<group>"; };
               2304F2D22F245643007A3A3B /* RoomCaptureViewController.swift */ = {isa = PBXFileReference; lastKnownFileType = sourcecode.swift; path = RoomCaptureViewController.swift; sourceTree = "<group>"; };
               2304F2D32F245643007A3A3B /* RoomCaptureViewRepresentable.swift */ = {isa = PBXFileReference; lastKnownFileType = sourcecode.swift; path = RoomCaptureViewRepresentable.swift; sourceTree = "<group>"; };
               2304F2D42F245643007A3A3B /* RoomScanScreen.swift */ = {isa = PBXFileReference; lastKnownFileType = sourcecode.swift; path = RoomScanScreen.swift; sourceTree = "<group>"; };
               2304F2D52F245643007A3A3B /* RoomScanViewModel.swift */ = {isa = PBXFileReference; lastKnownFileType = sourcecode.swift; path = RoomScanViewModel.swift; sourceTree = "<group>"; };
               2304F2DC2F24569F007A3A3B /* Combine.framework */ = {isa = PBXFileReference; lastKnownFileType = wrapper.framework; name = Combine.framework; path = System/Library/Frameworks/Combine.framework; sourceTree = SDKROOT; };
               2304F2DE2F2456A6007A3A3B /* RoomPlan.framework */ = {isa = PBXFileReference; lastKnownFileType = wrapper.framework; name = RoomPlan.framework; path = System/Library/Frameworks/RoomPlan.framework; sourceTree = SDKROOT; };
               2373247C2EDA73D600A5B55A /* Room-Scanner.app */ = {isa = PBXFileReference; explicitFileType = wrapper.application; includeInIndex = 0; path = "Room-Scanner.app"; sourceTree = BUILT_PRODUCTS_DIR; };
/* End PBXFileReference section */

/* Begin PBXFileSystemSynchronizedRootGroup section */
               2373247E2EDA73D600A5B55A /* Room-Scanner */ = {
                       isa = PBXFileSystemSynchronizedRootGroup;
                       children = (
                               2304F2DE2F2456A6007A3A3B /* RoomPlan.framework */,
                               2304F2DC2F24569F007A3A3B /* Combine.framework */,
                               2304F2D12F245643007A3A3B /* Room_ScannerApp.swift */,
                               2304F2CF2F245643007A3A3B /* ContentView.swift */,
                               2304F2D02F245643007A3A3B /* Models.swift */,
                               2304F2D22F245643007A3A3B /* RoomCaptureViewController.swift */,
                               2304F2D32F245643007A3A3B /* RoomCaptureViewRepresentable.swift */,
                               2304F2D52F245643007A3A3B /* RoomScanViewModel.swift */,
                               2304F2D42F245643007A3A3B /* RoomScanScreen.swift */,
                       );
                       path = "Room-Scanner";
                       sourceTree = "<group>";
               };
/* End PBXFileSystemSynchronizedRootGroup section */

/* Begin PBXBuildFile section */
               2304F2DD2F24569F007A3A3B /* Combine.framework in Frameworks */ = {isa = PBXBuildFile; fileRef = 2304F2DC2F24569F007A3A3B /* Combine.framework */; };
               2304F2DF2F2456A6007A3A3B /* RoomPlan.framework in Frameworks */ = {isa = PBXBuildFile; fileRef = 2304F2DE2F2456A6007A3A3B /* RoomPlan.framework */; };
               2304F2D62F245643007A3A3B /* Room_ScannerApp.swift in Sources */ = {isa = PBXBuildFile; fileRef = 2304F2D12F245643007A3A3B /* Room_ScannerApp.swift */; };
               2304F2D72F245643007A3A3B /* ContentView.swift in Sources */ = {isa = PBXBuildFile; fileRef = 2304F2CF2F245643007A3A3B /* ContentView.swift */; };
               2304F2D82F245643007A3A3B /* Models.swift in Sources */ = {isa = PBXBuildFile; fileRef = 2304F2D02F245643007A3A3B /* Models.swift */; };
               2304F2D92F245643007A3A3B /* RoomCaptureViewController.swift in Sources */ = {isa = PBXBuildFile; fileRef = 2304F2D22F245643007A3A3B /* RoomCaptureViewController.swift */; };
               2304F2DA2F245643007A3A3B /* RoomCaptureViewRepresentable.swift in Sources */ = {isa = PBXBuildFile; fileRef = 2304F2D32F245643007A3A3B /* RoomCaptureViewRepresentable.swift */; };
               2304F2DB2F245643007A3A3B /* RoomScanViewModel.swift in Sources */ = {isa = PBXBuildFile; fileRef = 2304F2D52F245643007A3A3B /* RoomScanViewModel.swift */; };
               2304F2DC2F245643007A3A3B /* RoomScanScreen.swift in Sources */ = {isa = PBXBuildFile; fileRef = 2304F2D42F245643007A3A3B /* RoomScanScreen.swift */; };
/* End PBXBuildFile section */

/* Begin PBXFrameworksBuildPhase section */
                237324792EDA73D600A5B55A /* Frameworks */ = {
                        isa = PBXFrameworksBuildPhase;
                        buildActionMask = 2147483647;
                        files = (
                               2304F2DD2F24569F007A3A3B /* Combine.framework in Frameworks */,
                               2304F2DF2F2456A6007A3A3B /* RoomPlan.framework in Frameworks */,
                        );
                        runOnlyForDeploymentPostprocessing = 0;
                };
/* End PBXFrameworksBuildPhase section */

/* Begin PBXGroup section */
		237324732EDA73D600A5B55A = {
			isa = PBXGroup;
			children = (
				2373247E2EDA73D600A5B55A /* Room-Scanner */,
				2373247D2EDA73D600A5B55A /* Products */,
			);
			sourceTree = "<group>";
		};
		2373247D2EDA73D600A5B55A /* Products */ = {
			isa = PBXGroup;
			children = (
				2373247C2EDA73D600A5B55A /* Room-Scanner.app */,
			);
			name = Products;
			sourceTree = "<group>";
		};
/* End PBXGroup section */

/* Begin PBXNativeTarget section */
		2373247B2EDA73D600A5B55A /* Room-Scanner */ = {
			isa = PBXNativeTarget;
			buildConfigurationList = 237324872EDA73D800A5B55A /* Build configuration list for PBXNativeTarget "Room-Scanner" */;
			buildPhases = (
				237324782EDA73D600A5B55A /* Sources */,
				237324792EDA73D600A5B55A /* Frameworks */,
				2373247A2EDA73D600A5B55A /* Resources */,
			);
			buildRules = (
			);
			dependencies = (
			);
			fileSystemSynchronizedGroups = (
				2373247E2EDA73D600A5B55A /* Room-Scanner */,
			);
			name = "Room-Scanner";
			packageProductDependencies = (
			);
			productName = "Room-Scanner";
			productReference = 2373247C2EDA73D600A5B55A /* Room-Scanner.app */;
			productType = "com.apple.product-type.application";
		};
/* End PBXNativeTarget section */

/* Begin PBXProject section */
		237324742EDA73D600A5B55A /* Project object */ = {
			isa = PBXProject;
			attributes = {
				BuildIndependentTargetsInParallel = 1;
				LastSwiftUpdateCheck = 2610;
				LastUpgradeCheck = 2610;
				TargetAttributes = {
					2373247B2EDA73D600A5B55A = {
						CreatedOnToolsVersion = 26.1.1;
					};
				};
			};
			buildConfigurationList = 237324772EDA73D600A5B55A /* Build configuration list for PBXProject "Room-Scanner" */;
			developmentRegion = en;
			hasScannedForEncodings = 0;
			knownRegions = (
				en,
				Base,
			);
			mainGroup = 237324732EDA73D600A5B55A;
			minimizedProjectReferenceProxies = 1;
			preferredProjectObjectVersion = 77;
			productRefGroup = 2373247D2EDA73D600A5B55A /* Products */;
			projectDirPath = "";
			projectRoot = "";
			targets = (
				2373247B2EDA73D600A5B55A /* Room-Scanner */,
			);
		};
/* End PBXProject section */

/* Begin PBXResourcesBuildPhase section */
		2373247A2EDA73D600A5B55A /* Resources */ = {
			isa = PBXResourcesBuildPhase;
			buildActionMask = 2147483647;
			files = (
			);
			runOnlyForDeploymentPostprocessing = 0;
		};
/* End PBXResourcesBuildPhase section */

/* Begin PBXSourcesBuildPhase section */
               237324782EDA73D600A5B55A /* Sources */ = {
                       isa = PBXSourcesBuildPhase;
                       buildActionMask = 2147483647;
                       files = (
                               2304F2D72F245643007A3A3B /* ContentView.swift in Sources */,
                               2304F2D62F245643007A3A3B /* Room_ScannerApp.swift in Sources */,
                               2304F2D82F245643007A3A3B /* Models.swift in Sources */,
                               2304F2D92F245643007A3A3B /* RoomCaptureViewController.swift in Sources */,
                               2304F2DA2F245643007A3A3B /* RoomCaptureViewRepresentable.swift in Sources */,
                               2304F2DB2F245643007A3A3B /* RoomScanViewModel.swift in Sources */,
                               2304F2DC2F245643007A3A3B /* RoomScanScreen.swift in Sources */,
                       );
                       runOnlyForDeploymentPostprocessing = 0;
               };
/* End PBXSourcesBuildPhase section */

/* Begin XCBuildConfiguration section */
		237324852EDA73D800A5B55A /* Debug */ = {
			isa = XCBuildConfiguration;
			buildSettings = {
				ALWAYS_SEARCH_USER_PATHS = NO;
				ASSETCATALOG_COMPILER_GENERATE_SWIFT_ASSET_SYMBOL_EXTENSIONS = YES;
				CLANG_ANALYZER_NONNULL = YES;
				CLANG_ANALYZER_NUMBER_OBJECT_CONVERSION = YES_AGGRESSIVE;
				CLANG_CXX_LANGUAGE_STANDARD = "gnu++20";
				CLANG_ENABLE_MODULES = YES;
				CLANG_ENABLE_OBJC_ARC = YES;
				CLANG_ENABLE_OBJC_WEAK = YES;
				CLANG_WARN_BLOCK_CAPTURE_AUTORELEASING = YES;
				CLANG_WARN_BOOL_CONVERSION = YES;
				CLANG_WARN_COMMA = YES;
				CLANG_WARN_CONSTANT_CONVERSION = YES;
				CLANG_WARN_DEPRECATED_OBJC_IMPLEMENTATIONS = YES;
				CLANG_WARN_DIRECT_OBJC_ISA_USAGE = YES_ERROR;
				CLANG_WARN_DOCUMENTATION_COMMENTS = YES;
				CLANG_WARN_EMPTY_BODY = YES;
				CLANG_WARN_ENUM_CONVERSION = YES;
				CLANG_WARN_INFINITE_RECURSION = YES;
				CLANG_WARN_INT_CONVERSION = YES;
				CLANG_WARN_NON_LITERAL_NULL_CONVERSION = YES;
				CLANG_WARN_OBJC_IMPLICIT_RETAIN_SELF = YES;
				CLANG_WARN_OBJC_LITERAL_CONVERSION = YES;
				CLANG_WARN_OBJC_ROOT_CLASS = YES_ERROR;
				CLANG_WARN_QUOTED_INCLUDE_IN_FRAMEWORK_HEADER = YES;
				CLANG_WARN_RANGE_LOOP_ANALYSIS = YES;
				CLANG_WARN_STRICT_PROTOTYPES = YES;
				CLANG_WARN_SUSPICIOUS_MOVE = YES;
				CLANG_WARN_UNGUARDED_AVAILABILITY = YES_AGGRESSIVE;
				CLANG_WARN_UNREACHABLE_CODE = YES;
				CLANG_WARN__DUPLICATE_METHOD_MATCH = YES;
				COPY_PHASE_STRIP = NO;
				DEBUG_INFORMATION_FORMAT = dwarf;
				DEVELOPMENT_TEAM = 2CP785GYGM;
				ENABLE_STRICT_OBJC_MSGSEND = YES;
				ENABLE_TESTABILITY = YES;
				ENABLE_USER_SCRIPT_SANDBOXING = YES;
				GCC_C_LANGUAGE_STANDARD = gnu17;
				GCC_DYNAMIC_NO_PIC = NO;
				GCC_NO_COMMON_BLOCKS = YES;
				GCC_OPTIMIZATION_LEVEL = 0;
				GCC_PREPROCESSOR_DEFINITIONS = (
					"DEBUG=1",
					"$(inherited)",
				);
				GCC_WARN_64_TO_32_BIT_CONVERSION = YES;
				GCC_WARN_ABOUT_RETURN_TYPE = YES_ERROR;
				GCC_WARN_UNDECLARED_SELECTOR = YES;
				GCC_WARN_UNINITIALIZED_AUTOS = YES_AGGRESSIVE;
				GCC_WARN_UNUSED_FUNCTION = YES;
				GCC_WARN_UNUSED_VARIABLE = YES;
				IPHONEOS_DEPLOYMENT_TARGET = 26.1;
				LOCALIZATION_PREFERS_STRING_CATALOGS = YES;
				MTL_ENABLE_DEBUG_INFO = INCLUDE_SOURCE;
				MTL_FAST_MATH = YES;
				ONLY_ACTIVE_ARCH = YES;
				SDKROOT = iphoneos;
				SWIFT_ACTIVE_COMPILATION_CONDITIONS = "DEBUG $(inherited)";
				SWIFT_OPTIMIZATION_LEVEL = "-Onone";
			};
			name = Debug;
		};
		237324862EDA73D800A5B55A /* Release */ = {
			isa = XCBuildConfiguration;
			buildSettings = {
				ALWAYS_SEARCH_USER_PATHS = NO;
				ASSETCATALOG_COMPILER_GENERATE_SWIFT_ASSET_SYMBOL_EXTENSIONS = YES;
				CLANG_ANALYZER_NONNULL = YES;
				CLANG_ANALYZER_NUMBER_OBJECT_CONVERSION = YES_AGGRESSIVE;
				CLANG_CXX_LANGUAGE_STANDARD = "gnu++20";
				CLANG_ENABLE_MODULES = YES;
				CLANG_ENABLE_OBJC_ARC = YES;
				CLANG_ENABLE_OBJC_WEAK = YES;
				CLANG_WARN_BLOCK_CAPTURE_AUTORELEASING = YES;
				CLANG_WARN_BOOL_CONVERSION = YES;
				CLANG_WARN_COMMA = YES;
				CLANG_WARN_CONSTANT_CONVERSION = YES;
				CLANG_WARN_DEPRECATED_OBJC_IMPLEMENTATIONS = YES;
				CLANG_WARN_DIRECT_OBJC_ISA_USAGE = YES_ERROR;
				CLANG_WARN_DOCUMENTATION_COMMENTS = YES;
				CLANG_WARN_EMPTY_BODY = YES;
				CLANG_WARN_ENUM_CONVERSION = YES;
				CLANG_WARN_INFINITE_RECURSION = YES;
				CLANG_WARN_INT_CONVERSION = YES;
				CLANG_WARN_NON_LITERAL_NULL_CONVERSION = YES;
				CLANG_WARN_OBJC_IMPLICIT_RETAIN_SELF = YES;
				CLANG_WARN_OBJC_LITERAL_CONVERSION = YES;
				CLANG_WARN_OBJC_ROOT_CLASS = YES_ERROR;
				CLANG_WARN_QUOTED_INCLUDE_IN_FRAMEWORK_HEADER = YES;
				CLANG_WARN_RANGE_LOOP_ANALYSIS = YES;
				CLANG_WARN_STRICT_PROTOTYPES = YES;
				CLANG_WARN_SUSPICIOUS_MOVE = YES;
				CLANG_WARN_UNGUARDED_AVAILABILITY = YES_AGGRESSIVE;
				CLANG_WARN_UNREACHABLE_CODE = YES;
				CLANG_WARN__DUPLICATE_METHOD_MATCH = YES;
				COPY_PHASE_STRIP = NO;
				DEBUG_INFORMATION_FORMAT = "dwarf-with-dsym";
				DEVELOPMENT_TEAM = 2CP785GYGM;
				ENABLE_NS_ASSERTIONS = NO;
				ENABLE_STRICT_OBJC_MSGSEND = YES;
				ENABLE_USER_SCRIPT_SANDBOXING = YES;
				GCC_C_LANGUAGE_STANDARD = gnu17;
				GCC_NO_COMMON_BLOCKS = YES;
				GCC_WARN_64_TO_32_BIT_CONVERSION = YES;
				GCC_WARN_ABOUT_RETURN_TYPE = YES_ERROR;
				GCC_WARN_UNDECLARED_SELECTOR = YES;
				GCC_WARN_UNINITIALIZED_AUTOS = YES_AGGRESSIVE;
				GCC_WARN_UNUSED_FUNCTION = YES;
				GCC_WARN_UNUSED_VARIABLE = YES;
				IPHONEOS_DEPLOYMENT_TARGET = 26.1;
				LOCALIZATION_PREFERS_STRING_CATALOGS = YES;
				MTL_ENABLE_DEBUG_INFO = NO;
				MTL_FAST_MATH = YES;
				SDKROOT = iphoneos;
				SWIFT_COMPILATION_MODE = wholemodule;
				VALIDATE_PRODUCT = YES;
			};
			name = Release;
		};
		237324882EDA73D800A5B55A /* Debug */ = {
			isa = XCBuildConfiguration;
			buildSettings = {
				ASSETCATALOG_COMPILER_APPICON_NAME = AppIcon;
				ASSETCATALOG_COMPILER_GLOBAL_ACCENT_COLOR_NAME = AccentColor;
				CODE_SIGN_STYLE = Automatic;
				CURRENT_PROJECT_VERSION = 1;
				DEVELOPMENT_TEAM = 2CP785GYGM;
				ENABLE_PREVIEWS = YES;
				GENERATE_INFOPLIST_FILE = YES;
				INFOPLIST_KEY_UIApplicationSceneManifest_Generation = YES;
				INFOPLIST_KEY_UIApplicationSupportsIndirectInputEvents = YES;
				INFOPLIST_KEY_UILaunchScreen_Generation = YES;
				INFOPLIST_KEY_UISupportedInterfaceOrientations_iPad = "UIInterfaceOrientationPortrait UIInterfaceOrientationPortraitUpsideDown UIInterfaceOrientationLandscapeLeft UIInterfaceOrientationLandscapeRight";
				INFOPLIST_KEY_UISupportedInterfaceOrientations_iPhone = "UIInterfaceOrientationPortrait UIInterfaceOrientationLandscapeLeft UIInterfaceOrientationLandscapeRight";
				LD_RUNPATH_SEARCH_PATHS = (
					"$(inherited)",
					"@executable_path/Frameworks",
				);
				MARKETING_VERSION = 1.0;
				PRODUCT_BUNDLE_IDENTIFIER = "com.joeziegler.Room-Scanner";
				PRODUCT_NAME = "$(TARGET_NAME)";
				STRING_CATALOG_GENERATE_SYMBOLS = YES;
				SWIFT_APPROACHABLE_CONCURRENCY = YES;
				SWIFT_DEFAULT_ACTOR_ISOLATION = MainActor;
				SWIFT_EMIT_LOC_STRINGS = YES;
				SWIFT_UPCOMING_FEATURE_MEMBER_IMPORT_VISIBILITY = YES;
				SWIFT_VERSION = 5.0;
				TARGETED_DEVICE_FAMILY = "1,2";
			};
			name = Debug;
		};
		237324892EDA73D800A5B55A /* Release */ = {
			isa = XCBuildConfiguration;
			buildSettings = {
				ASSETCATALOG_COMPILER_APPICON_NAME = AppIcon;
				ASSETCATALOG_COMPILER_GLOBAL_ACCENT_COLOR_NAME = AccentColor;
				CODE_SIGN_STYLE = Automatic;
				CURRENT_PROJECT_VERSION = 1;
				DEVELOPMENT_TEAM = 2CP785GYGM;
				ENABLE_PREVIEWS = YES;
				GENERATE_INFOPLIST_FILE = YES;
				INFOPLIST_KEY_UIApplicationSceneManifest_Generation = YES;
				INFOPLIST_KEY_UIApplicationSupportsIndirectInputEvents = YES;
				INFOPLIST_KEY_UILaunchScreen_Generation = YES;
				INFOPLIST_KEY_UISupportedInterfaceOrientations_iPad = "UIInterfaceOrientationPortrait UIInterfaceOrientationPortraitUpsideDown UIInterfaceOrientationLandscapeLeft UIInterfaceOrientationLandscapeRight";
				INFOPLIST_KEY_UISupportedInterfaceOrientations_iPhone = "UIInterfaceOrientationPortrait UIInterfaceOrientationLandscapeLeft UIInterfaceOrientationLandscapeRight";
				LD_RUNPATH_SEARCH_PATHS = (
					"$(inherited)",
					"@executable_path/Frameworks",
				);
				MARKETING_VERSION = 1.0;
				PRODUCT_BUNDLE_IDENTIFIER = "com.joeziegler.Room-Scanner";
				PRODUCT_NAME = "$(TARGET_NAME)";
				STRING_CATALOG_GENERATE_SYMBOLS = YES;
				SWIFT_APPROACHABLE_CONCURRENCY = YES;
				SWIFT_DEFAULT_ACTOR_ISOLATION = MainActor;
				SWIFT_EMIT_LOC_STRINGS = YES;
				SWIFT_UPCOMING_FEATURE_MEMBER_IMPORT_VISIBILITY = YES;
				SWIFT_VERSION = 5.0;
				TARGETED_DEVICE_FAMILY = "1,2";
			};
			name = Release;
		};
/* End XCBuildConfiguration section */

/* Begin XCConfigurationList section */
		237324772EDA73D600A5B55A /* Build configuration list for PBXProject "Room-Scanner" */ = {
			isa = XCConfigurationList;
			buildConfigurations = (
				237324852EDA73D800A5B55A /* Debug */,
				237324862EDA73D800A5B55A /* Release */,
			);
			defaultConfigurationIsVisible = 0;
			defaultConfigurationName = Release;
		};
		237324872EDA73D800A5B55A /* Build configuration list for PBXNativeTarget "Room-Scanner" */ = {
			isa = XCConfigurationList;
			buildConfigurations = (
				237324882EDA73D800A5B55A /* Debug */,
				237324892EDA73D800A5B55A /* Release */,
			);
			defaultConfigurationIsVisible = 0;
			defaultConfigurationName = Release;
		};
/* End XCConfigurationList section */
	};
	rootObject = 237324742EDA73D600A5B55A /* Project object */;
}
